
Microsoft Visual Studio Solution File, Format Version 12.00
# Visual Studio Version 16
VisualStudioVersion = 16.0.29230.61
MinimumVisualStudioVersion = 10.0.40219.1
Project("{9A19103F-16F7-4668-BE54-9A1E7A4F7556}") = "MComponents", "MComponents\MComponents.csproj", "{ECD21594-338C-4185-B165-28604C2D5A6F}"
EndProject
Project("{9A19103F-16F7-4668-BE54-9A1E7A4F7556}") = "MComponents.Shared", "MComponents.Shared\MComponents.Shared.csproj", "{0746514D-F8CE-48C7-91E1-5EAD9A21A8DA}"
EndProject
Project("{FAE04EC0-301F-11D3-BF4B-00C04F79EFBC}") = "MComponents.ExampleApp", "MComponents.ExampleApp\MComponents.ExampleApp.csproj", "{EEDB21F0-B375-4E87-8CE7-32E1E06DA7CC}"
EndProject
Global
	GlobalSection(SolutionConfigurationPlatforms) = preSolution
		Debug|Any CPU = Debug|Any CPU
		Release|Any CPU = Release|Any CPU
	EndGlobalSection
	GlobalSection(ProjectConfigurationPlatforms) = postSolution
		{ECD21594-338C-4185-B165-28604C2D5A6F}.Debug|Any CPU.ActiveCfg = Debug|Any CPU
		{ECD21594-338C-4185-B165-28604C2D5A6F}.Debug|Any CPU.Build.0 = Debug|Any CPU
		{ECD21594-338C-4185-B165-28604C2D5A6F}.Release|Any CPU.ActiveCfg = Release|Any CPU
		{ECD21594-338C-4185-B165-28604C2D5A6F}.Release|Any CPU.Build.0 = Release|Any CPU
		{0746514D-F8CE-48C7-91E1-5EAD9A21A8DA}.Debug|Any CPU.ActiveCfg = Debug|Any CPU
		{0746514D-F8CE-48C7-91E1-5EAD9A21A8DA}.Debug|Any CPU.Build.0 = Debug|Any CPU
		{0746514D-F8CE-48C7-91E1-5EAD9A21A8DA}.Release|Any CPU.ActiveCfg = Release|Any CPU
		{0746514D-F8CE-48C7-91E1-5EAD9A21A8DA}.Release|Any CPU.Build.0 = Release|Any CPU
		{EEDB21F0-B375-4E87-8CE7-32E1E06DA7CC}.Debug|Any CPU.ActiveCfg = Debug|Any CPU
		{EEDB21F0-B375-4E87-8CE7-32E1E06DA7CC}.Debug|Any CPU.Build.0 = Debug|Any CPU
		{EEDB21F0-B375-4E87-8CE7-32E1E06DA7CC}.Release|Any CPU.ActiveCfg = Release|Any CPU
		{EEDB21F0-B375-4E87-8CE7-32E1E06DA7CC}.Release|Any CPU.Build.0 = Release|Any CPU
	EndGlobalSection
	GlobalSection(SolutionProperties) = preSolution
		HideSolutionNode = FALSE
	EndGlobalSection
	GlobalSection(ExtensibilityGlobals) = postSolution
		SolutionGuid = {09FBC466-4C67-4982-BAA3-D401A55F1F89}
	EndGlobalSection
EndGlobal
